// !$*UTF8*$!
{
	archiveVersion = 1;
	classes = {
	};
	objectVersion = 56;
	objects = {

/* Begin PBXBuildFile section */
		27130DAF2E8DF4FE006FF48A /* ChapterRows.swift in Sources */ = {isa = PBXBuildFile; fileRef = 27130DAE2E8DF4FE006FF48A /* ChapterRows.swift */; };
		27130DB12E8DF51E006FF48A /* TitleComponents.swift in Sources */ = {isa = PBXBuildFile; fileRef = 27130DB02E8DF51E006FF48A /* TitleComponents.swift */; };
		271345C22E5D07B000BC7435 /* MangaDenApp.swift in Sources */ = {isa = PBXBuildFile; fileRef = 271345C12E5D07B000BC7435 /* MangaDenApp.swift */; };
		271345C42E5D07B000BC7435 /* ContentView.swift in Sources */ = {isa = PBXBuildFile; fileRef = 271345C32E5D07B000BC7435 /* ContentView.swift */; };
		271345C62E5D07B100BC7435 /* Assets.xcassets in Resources */ = {isa = PBXBuildFile; fileRef = 271345C52E5D07B100BC7435 /* Assets.xcassets */; };
		271345C92E5D07B100BC7435 /* Preview Assets.xcassets in Resources */ = {isa = PBXBuildFile; fileRef = 271345C82E5D07B100BC7435 /* Preview Assets.xcassets */; };
		271345D32E5D07B200BC7435 /* MangaDenTests.swift in Sources */ = {isa = PBXBuildFile; fileRef = 271345D22E5D07B200BC7435 /* MangaDenTests.swift */; };
		271345DD2E5D07B200BC7435 /* MangaDenUITests.swift in Sources */ = {isa = PBXBuildFile; fileRef = 271345DC2E5D07B200BC7435 /* MangaDenUITests.swift */; };
		271345DF2E5D07B200BC7435 /* MangaDenUITestsLaunchTests.swift in Sources */ = {isa = PBXBuildFile; fileRef = 271345DE2E5D07B200BC7435 /* MangaDenUITestsLaunchTests.swift */; };
		271345EC2E5D283700BC7435 /* LibraryView.swift in Sources */ = {isa = PBXBuildFile; fileRef = 271345EB2E5D283700BC7435 /* LibraryView.swift */; };
		271345EE2E5D28A500BC7435 /* AddTitleView.swift in Sources */ = {isa = PBXBuildFile; fileRef = 271345ED2E5D28A500BC7435 /* AddTitleView.swift */; };
		271345F02E5D28C200BC7435 /* DownloadsView.swift in Sources */ = {isa = PBXBuildFile; fileRef = 271345EF2E5D28C200BC7435 /* DownloadsView.swift */; };
		271345F22E5D28D800BC7435 /* SettingsView.swift in Sources */ = {isa = PBXBuildFile; fileRef = 271345F12E5D28D800BC7435 /* SettingsView.swift */; };
		271345F42E5E50ED00BC7435 /* DLWebView.swift in Sources */ = {isa = PBXBuildFile; fileRef = 271345F32E5E50ED00BC7435 /* DLWebView.swift */; };
		271345F62E5E53A400BC7435 /* BrowserView.swift in Sources */ = {isa = PBXBuildFile; fileRef = 271345F52E5E53A400BC7435 /* BrowserView.swift */; };
		271346022E618AA500BC7435 /* JSONViewerView.swift in Sources */ = {isa = PBXBuildFile; fileRef = 271346012E618AA500BC7435 /* JSONViewerView.swift */; };
		271346062E67B4D400BC7435 /* TitleView.swift in Sources */ = {isa = PBXBuildFile; fileRef = 271346052E67B4D400BC7435 /* TitleView.swift */; };
		271346082E67B4F700BC7435 /* ReaderView.swift in Sources */ = {isa = PBXBuildFile; fileRef = 271346072E67B4F700BC7435 /* ReaderView.swift */; };
		2713460A2E67C61F00BC7435 /* Notifications.swift in Sources */ = {isa = PBXBuildFile; fileRef = 271346092E67C61F00BC7435 /* Notifications.swift */; };
		271346122E68084100BC7435 /* ReaderViewJAVA.swift in Sources */ = {isa = PBXBuildFile; fileRef = 271346112E68084100BC7435 /* ReaderViewJAVA.swift */; };
		272A5BC52E9E41380038F84E /* Launch Screen.storyboard in Resources */ = {isa = PBXBuildFile; fileRef = 272A5BC42E9E41380038F84E /* Launch Screen.storyboard */; };
		276EE40C2E96303E0023E592 /* WebViewUserAgentManager.swift in Sources */ = {isa = PBXBuildFile; fileRef = 276EE40B2E96303E0023E592 /* WebViewUserAgentManager.swift */; };
		276EE40E2E9631000023E592 /* ChapterDetectionManager.swift in Sources */ = {isa = PBXBuildFile; fileRef = 276EE40D2E9631000023E592 /* ChapterDetectionManager.swift */; };
		276EE4102E9631A20023E592 /* ChapterExtractionManager.swift in Sources */ = {isa = PBXBuildFile; fileRef = 276EE40F2E9631A20023E592 /* ChapterExtractionManager.swift */; };
		276EE4122E9631BF0023E592 /* MetadataExtractionManager.swift in Sources */ = {isa = PBXBuildFile; fileRef = 276EE4112E9631BF0023E592 /* MetadataExtractionManager.swift */; };
		276EE4142E9631D40023E592 /* TitleRefreshManager.swift in Sources */ = {isa = PBXBuildFile; fileRef = 276EE4132E9631D40023E592 /* TitleRefreshManager.swift */; };
		276EE4162E9633710023E592 /* MetadataExtractionJavaScript.swift in Sources */ = {isa = PBXBuildFile; fileRef = 276EE4152E9633710023E592 /* MetadataExtractionJavaScript.swift */; };
		276EE41A2E9635570023E592 /* ChapterExtractionJavaScript.swift in Sources */ = {isa = PBXBuildFile; fileRef = 276EE4192E9635570023E592 /* ChapterExtractionJavaScript.swift */; };
		276EE41C2E9637CA0023E592 /* WebViewManager.swift in Sources */ = {isa = PBXBuildFile; fileRef = 276EE41B2E9637CA0023E592 /* WebViewManager.swift */; };
		276EE41E2E9637E50023E592 /* ImageExtractionCoordinator.swift in Sources */ = {isa = PBXBuildFile; fileRef = 276EE41D2E9637E40023E592 /* ImageExtractionCoordinator.swift */; };
		276EE4202E96380A0023E592 /* ImageExtractionStrategies.swift in Sources */ = {isa = PBXBuildFile; fileRef = 276EE41F2E96380A0023E592 /* ImageExtractionStrategies.swift */; };
		27901F4B2E8732A800C57418 /* Models.swift in Sources */ = {isa = PBXBuildFile; fileRef = 27901F4A2E8732A800C57418 /* Models.swift */; };
		27901F4D2E8732C400C57418 /* DownloadManager.swift in Sources */ = {isa = PBXBuildFile; fileRef = 27901F4C2E8732C400C57418 /* DownloadManager.swift */; };
		2793268B2E835FFE001AA1AC /* TabBarManager.swift in Sources */ = {isa = PBXBuildFile; fileRef = 2793268A2E835FFE001AA1AC /* TabBarManager.swift */; };
/* End PBXBuildFile section */

/* Begin PBXContainerItemProxy section */
		271345CF2E5D07B200BC7435 /* PBXContainerItemProxy */ = {
			isa = PBXContainerItemProxy;
			containerPortal = 271345B62E5D07B000BC7435 /* Project object */;
			proxyType = 1;
			remoteGlobalIDString = 271345BD2E5D07B000BC7435;
			remoteInfo = MangaDen;
		};
		271345D92E5D07B200BC7435 /* PBXContainerItemProxy */ = {
			isa = PBXContainerItemProxy;
			containerPortal = 271345B62E5D07B000BC7435 /* Project object */;
			proxyType = 1;
			remoteGlobalIDString = 271345BD2E5D07B000BC7435;
			remoteInfo = MangaDen;
		};
/* End PBXContainerItemProxy section */

/* Begin PBXFileReference section */
		27130DAE2E8DF4FE006FF48A /* ChapterRows.swift */ = {isa = PBXFileReference; lastKnownFileType = sourcecode.swift; path = ChapterRows.swift; sourceTree = "<group>"; };
		27130DB02E8DF51E006FF48A /* TitleComponents.swift */ = {isa = PBXFileReference; lastKnownFileType = sourcecode.swift; path = TitleComponents.swift; sourceTree = "<group>"; };
		271345BE2E5D07B000BC7435 /* MangaDen.app */ = {isa = PBXFileReference; explicitFileType = wrapper.application; includeInIndex = 0; path = MangaDen.app; sourceTree = BUILT_PRODUCTS_DIR; };
		271345C12E5D07B000BC7435 /* MangaDenApp.swift */ = {isa = PBXFileReference; lastKnownFileType = sourcecode.swift; path = MangaDenApp.swift; sourceTree = "<group>"; };
		271345C32E5D07B000BC7435 /* ContentView.swift */ = {isa = PBXFileReference; lastKnownFileType = sourcecode.swift; path = ContentView.swift; sourceTree = "<group>"; };
		271345C52E5D07B100BC7435 /* Assets.xcassets */ = {isa = PBXFileReference; lastKnownFileType = folder.assetcatalog; path = Assets.xcassets; sourceTree = "<group>"; };
		271345C82E5D07B100BC7435 /* Preview Assets.xcassets */ = {isa = PBXFileReference; lastKnownFileType = folder.assetcatalog; path = "Preview Assets.xcassets"; sourceTree = "<group>"; };
		271345CE2E5D07B200BC7435 /* MangaDenTests.xctest */ = {isa = PBXFileReference; explicitFileType = wrapper.cfbundle; includeInIndex = 0; path = MangaDenTests.xctest; sourceTree = BUILT_PRODUCTS_DIR; };
		271345D22E5D07B200BC7435 /* MangaDenTests.swift */ = {isa = PBXFileReference; lastKnownFileType = sourcecode.swift; path = MangaDenTests.swift; sourceTree = "<group>"; };
		271345D82E5D07B200BC7435 /* MangaDenUITests.xctest */ = {isa = PBXFileReference; explicitFileType = wrapper.cfbundle; includeInIndex = 0; path = MangaDenUITests.xctest; sourceTree = BUILT_PRODUCTS_DIR; };
		271345DC2E5D07B200BC7435 /* MangaDenUITests.swift */ = {isa = PBXFileReference; lastKnownFileType = sourcecode.swift; path = MangaDenUITests.swift; sourceTree = "<group>"; };
		271345DE2E5D07B200BC7435 /* MangaDenUITestsLaunchTests.swift */ = {isa = PBXFileReference; lastKnownFileType = sourcecode.swift; path = MangaDenUITestsLaunchTests.swift; sourceTree = "<group>"; };
		271345EB2E5D283700BC7435 /* LibraryView.swift */ = {isa = PBXFileReference; lastKnownFileType = sourcecode.swift; path = LibraryView.swift; sourceTree = "<group>"; };
		271345ED2E5D28A500BC7435 /* AddTitleView.swift */ = {isa = PBXFileReference; lastKnownFileType = sourcecode.swift; path = AddTitleView.swift; sourceTree = "<group>"; };
		271345EF2E5D28C200BC7435 /* DownloadsView.swift */ = {isa = PBXFileReference; lastKnownFileType = sourcecode.swift; path = DownloadsView.swift; sourceTree = "<group>"; };
		271345F12E5D28D800BC7435 /* SettingsView.swift */ = {isa = PBXFileReference; lastKnownFileType = sourcecode.swift; path = SettingsView.swift; sourceTree = "<group>"; };
		271345F32E5E50ED00BC7435 /* DLWebView.swift */ = {isa = PBXFileReference; lastKnownFileType = sourcecode.swift; path = DLWebView.swift; sourceTree = "<group>"; };
		271345F52E5E53A400BC7435 /* BrowserView.swift */ = {isa = PBXFileReference; lastKnownFileType = sourcecode.swift; path = BrowserView.swift; sourceTree = "<group>"; };
		271346012E618AA500BC7435 /* JSONViewerView.swift */ = {isa = PBXFileReference; lastKnownFileType = sourcecode.swift; path = JSONViewerView.swift; sourceTree = "<group>"; };
		271346052E67B4D400BC7435 /* TitleView.swift */ = {isa = PBXFileReference; lastKnownFileType = sourcecode.swift; path = TitleView.swift; sourceTree = "<group>"; };
		271346072E67B4F700BC7435 /* ReaderView.swift */ = {isa = PBXFileReference; lastKnownFileType = sourcecode.swift; path = ReaderView.swift; sourceTree = "<group>"; };
		271346092E67C61F00BC7435 /* Notifications.swift */ = {isa = PBXFileReference; lastKnownFileType = sourcecode.swift; path = Notifications.swift; sourceTree = "<group>"; };
		271346112E68084100BC7435 /* ReaderViewJAVA.swift */ = {isa = PBXFileReference; lastKnownFileType = sourcecode.swift; path = ReaderViewJAVA.swift; sourceTree = "<group>"; };
		272A5BC42E9E41380038F84E /* Launch Screen.storyboard */ = {isa = PBXFileReference; lastKnownFileType = file.storyboard; path = "Launch Screen.storyboard"; sourceTree = "<group>"; };
		276EE40B2E96303E0023E592 /* WebViewUserAgentManager.swift */ = {isa = PBXFileReference; lastKnownFileType = sourcecode.swift; path = WebViewUserAgentManager.swift; sourceTree = "<group>"; };
		276EE40D2E9631000023E592 /* ChapterDetectionManager.swift */ = {isa = PBXFileReference; lastKnownFileType = sourcecode.swift; path = ChapterDetectionManager.swift; sourceTree = "<group>"; };
		276EE40F2E9631A20023E592 /* ChapterExtractionManager.swift */ = {isa = PBXFileReference; lastKnownFileType = sourcecode.swift; path = ChapterExtractionManager.swift; sourceTree = "<group>"; };
		276EE4112E9631BF0023E592 /* MetadataExtractionManager.swift */ = {isa = PBXFileReference; lastKnownFileType = sourcecode.swift; path = MetadataExtractionManager.swift; sourceTree = "<group>"; };
		276EE4132E9631D40023E592 /* TitleRefreshManager.swift */ = {isa = PBXFileReference; lastKnownFileType = sourcecode.swift; path = TitleRefreshManager.swift; sourceTree = "<group>"; };
		276EE4152E9633710023E592 /* MetadataExtractionJavaScript.swift */ = {isa = PBXFileReference; lastKnownFileType = sourcecode.swift; path = MetadataExtractionJavaScript.swift; sourceTree = "<group>"; };
		276EE4192E9635570023E592 /* ChapterExtractionJavaScript.swift */ = {isa = PBXFileReference; lastKnownFileType = sourcecode.swift; path = ChapterExtractionJavaScript.swift; sourceTree = "<group>"; };
		276EE41B2E9637CA0023E592 /* WebViewManager.swift */ = {isa = PBXFileReference; lastKnownFileType = sourcecode.swift; path = WebViewManager.swift; sourceTree = "<group>"; };
		276EE41D2E9637E40023E592 /* ImageExtractionCoordinator.swift */ = {isa = PBXFileReference; lastKnownFileType = sourcecode.swift; path = ImageExtractionCoordinator.swift; sourceTree = "<group>"; };
		276EE41F2E96380A0023E592 /* ImageExtractionStrategies.swift */ = {isa = PBXFileReference; lastKnownFileType = sourcecode.swift; path = ImageExtractionStrategies.swift; sourceTree = "<group>"; };
		27901F4A2E8732A800C57418 /* Models.swift */ = {isa = PBXFileReference; lastKnownFileType = sourcecode.swift; path = Models.swift; sourceTree = "<group>"; };
		27901F4C2E8732C400C57418 /* DownloadManager.swift */ = {isa = PBXFileReference; lastKnownFileType = sourcecode.swift; path = DownloadManager.swift; sourceTree = "<group>"; };
		279326892E833F33001AA1AC /* Info.plist */ = {isa = PBXFileReference; lastKnownFileType = text.plist; path = Info.plist; sourceTree = "<group>"; };
		2793268A2E835FFE001AA1AC /* TabBarManager.swift */ = {isa = PBXFileReference; lastKnownFileType = sourcecode.swift; path = TabBarManager.swift; sourceTree = "<group>"; };
/* End PBXFileReference section */

/* Begin PBXFrameworksBuildPhase section */
		271345BB2E5D07B000BC7435 /* Frameworks */ = {
			isa = PBXFrameworksBuildPhase;
			buildActionMask = 2147483647;
			files = (
			);
			runOnlyForDeploymentPostprocessing = 0;
		};
		271345CB2E5D07B200BC7435 /* Frameworks */ = {
			isa = PBXFrameworksBuildPhase;
			buildActionMask = 2147483647;
			files = (
			);
			runOnlyForDeploymentPostprocessing = 0;
		};
		271345D52E5D07B200BC7435 /* Frameworks */ = {
			isa = PBXFrameworksBuildPhase;
			buildActionMask = 2147483647;
			files = (
			);
			runOnlyForDeploymentPostprocessing = 0;
		};
/* End PBXFrameworksBuildPhase section */

/* Begin PBXGroup section */
		27130DA22E8C529D006FF48A /* Views */ = {
			isa = PBXGroup;
			children = (
				27130DA32E8C52A4006FF48A /* Main */,
				27130DAB2E8C53C3006FF48A /* Title */,
				27130DA42E8C52B2006FF48A /* Reader */,
				27130DA72E8C52D3006FF48A /* Settings */,
				27130DA92E8C52FC006FF48A /* AddTitle */,
				27130DA52E8C52B9006FF48A /* Browser */,
				27130DA62E8C52CB006FF48A /* Downloads */,
			);
			path = Views;
			sourceTree = "<group>";
		};
		27130DA32E8C52A4006FF48A /* Main */ = {
			isa = PBXGroup;
			children = (
				271345C32E5D07B000BC7435 /* ContentView.swift */,
				271345EB2E5D283700BC7435 /* LibraryView.swift */,
			);
			path = Main;
			sourceTree = "<group>";
		};
		27130DA42E8C52B2006FF48A /* Reader */ = {
			isa = PBXGroup;
			children = (
				271346072E67B4F700BC7435 /* ReaderView.swift */,
				271346112E68084100BC7435 /* ReaderViewJAVA.swift */,
				276EE41B2E9637CA0023E592 /* WebViewManager.swift */,
				276EE41D2E9637E40023E592 /* ImageExtractionCoordinator.swift */,
				276EE41F2E96380A0023E592 /* ImageExtractionStrategies.swift */,
			);
			path = Reader;
			sourceTree = "<group>";
		};
		27130DA52E8C52B9006FF48A /* Browser */ = {
			isa = PBXGroup;
			children = (
				271345F52E5E53A400BC7435 /* BrowserView.swift */,
				271345F32E5E50ED00BC7435 /* DLWebView.swift */,
				271346012E618AA500BC7435 /* JSONViewerView.swift */,
			);
			path = Browser;
			sourceTree = "<group>";
		};
		27130DA62E8C52CB006FF48A /* Downloads */ = {
			isa = PBXGroup;
			children = (
				271345EF2E5D28C200BC7435 /* DownloadsView.swift */,
				27901F4C2E8732C400C57418 /* DownloadManager.swift */,
			);
			path = Downloads;
			sourceTree = "<group>";
		};
		27130DA72E8C52D3006FF48A /* Settings */ = {
			isa = PBXGroup;
			children = (
				271345F12E5D28D800BC7435 /* SettingsView.swift */,
			);
			path = Settings;
			sourceTree = "<group>";
		};
		27130DA92E8C52FC006FF48A /* AddTitle */ = {
			isa = PBXGroup;
			children = (
				271345ED2E5D28A500BC7435 /* AddTitleView.swift */,
				276EE40D2E9631000023E592 /* ChapterDetectionManager.swift */,
				276EE40F2E9631A20023E592 /* ChapterExtractionManager.swift */,
				276EE4192E9635570023E592 /* ChapterExtractionJavaScript.swift */,
				276EE4112E9631BF0023E592 /* MetadataExtractionManager.swift */,
				276EE4152E9633710023E592 /* MetadataExtractionJavaScript.swift */,
				276EE4132E9631D40023E592 /* TitleRefreshManager.swift */,
				276EE40B2E96303E0023E592 /* WebViewUserAgentManager.swift */,
			);
			path = AddTitle;
			sourceTree = "<group>";
		};
		27130DAA2E8C539C006FF48A /* App */ = {
			isa = PBXGroup;
			children = (
				271345C12E5D07B000BC7435 /* MangaDenApp.swift */,
				272A5BC42E9E41380038F84E /* Launch Screen.storyboard */,
				2793268A2E835FFE001AA1AC /* TabBarManager.swift */,
			);
			path = App;
			sourceTree = "<group>";
		};
		27130DAB2E8C53C3006FF48A /* Title */ = {
			isa = PBXGroup;
			children = (
				271346052E67B4D400BC7435 /* TitleView.swift */,
				27130DAE2E8DF4FE006FF48A /* ChapterRows.swift */,
				27130DB02E8DF51E006FF48A /* TitleComponents.swift */,
			);
			path = Title;
			sourceTree = "<group>";
		};
		271345B52E5D07B000BC7435 = {
			isa = PBXGroup;
			children = (
				271345C02E5D07B000BC7435 /* MangaDen */,
				271345D12E5D07B200BC7435 /* MangaDenTests */,
				271345DB2E5D07B200BC7435 /* MangaDenUITests */,
				271345BF2E5D07B000BC7435 /* Products */,
			);
			sourceTree = "<group>";
		};
		271345BF2E5D07B000BC7435 /* Products */ = {
			isa = PBXGroup;
			children = (
				271345BE2E5D07B000BC7435 /* MangaDen.app */,
				271345CE2E5D07B200BC7435 /* MangaDenTests.xctest */,
				271345D82E5D07B200BC7435 /* MangaDenUITests.xctest */,
			);
			name = Products;
			sourceTree = "<group>";
		};
		271345C02E5D07B000BC7435 /* MangaDen */ = {
			isa = PBXGroup;
			children = (
				279326892E833F33001AA1AC /* Info.plist */,
				27130DAA2E8C539C006FF48A /* App */,
				27130DA22E8C529D006FF48A /* Views */,
				27901F4A2E8732A800C57418 /* Models.swift */,
				271346092E67C61F00BC7435 /* Notifications.swift */,
				271345C52E5D07B100BC7435 /* Assets.xcassets */,
				271345C72E5D07B100BC7435 /* Preview Content */,
			);
			path = MangaDen;
			sourceTree = "<group>";
		};
		271345C72E5D07B100BC7435 /* Preview Content */ = {
			isa = PBXGroup;
			children = (
				271345C82E5D07B100BC7435 /* Preview Assets.xcassets */,
			);
			path = "Preview Content";
			sourceTree = "<group>";
		};
		271345D12E5D07B200BC7435 /* MangaDenTests */ = {
			isa = PBXGroup;
			children = (
				271345D22E5D07B200BC7435 /* MangaDenTests.swift */,
			);
			path = MangaDenTests;
			sourceTree = "<group>";
		};
		271345DB2E5D07B200BC7435 /* MangaDenUITests */ = {
			isa = PBXGroup;
			children = (
				271345DC2E5D07B200BC7435 /* MangaDenUITests.swift */,
				271345DE2E5D07B200BC7435 /* MangaDenUITestsLaunchTests.swift */,
			);
			path = MangaDenUITests;
			sourceTree = "<group>";
		};
/* End PBXGroup section */

/* Begin PBXNativeTarget section */
		271345BD2E5D07B000BC7435 /* MangaDen */ = {
			isa = PBXNativeTarget;
			buildConfigurationList = 271345E22E5D07B200BC7435 /* Build configuration list for PBXNativeTarget "MangaDen" */;
			buildPhases = (
				271345BA2E5D07B000BC7435 /* Sources */,
				271345BB2E5D07B000BC7435 /* Frameworks */,
				271345BC2E5D07B000BC7435 /* Resources */,
			);
			buildRules = (
			);
			dependencies = (
			);
			name = MangaDen;
			productName = MangaDen;
			productReference = 271345BE2E5D07B000BC7435 /* MangaDen.app */;
			productType = "com.apple.product-type.application";
		};
		271345CD2E5D07B200BC7435 /* MangaDenTests */ = {
			isa = PBXNativeTarget;
			buildConfigurationList = 271345E52E5D07B200BC7435 /* Build configuration list for PBXNativeTarget "MangaDenTests" */;
			buildPhases = (
				271345CA2E5D07B200BC7435 /* Sources */,
				271345CB2E5D07B200BC7435 /* Frameworks */,
				271345CC2E5D07B200BC7435 /* Resources */,
			);
			buildRules = (
			);
			dependencies = (
				271345D02E5D07B200BC7435 /* PBXTargetDependency */,
			);
			name = MangaDenTests;
			productName = MangaDenTests;
			productReference = 271345CE2E5D07B200BC7435 /* MangaDenTests.xctest */;
			productType = "com.apple.product-type.bundle.unit-test";
		};
		271345D72E5D07B200BC7435 /* MangaDenUITests */ = {
			isa = PBXNativeTarget;
			buildConfigurationList = 271345E82E5D07B200BC7435 /* Build configuration list for PBXNativeTarget "MangaDenUITests" */;
			buildPhases = (
				271345D42E5D07B200BC7435 /* Sources */,
				271345D52E5D07B200BC7435 /* Frameworks */,
				271345D62E5D07B200BC7435 /* Resources */,
			);
			buildRules = (
			);
			dependencies = (
				271345DA2E5D07B200BC7435 /* PBXTargetDependency */,
			);
			name = MangaDenUITests;
			productName = MangaDenUITests;
			productReference = 271345D82E5D07B200BC7435 /* MangaDenUITests.xctest */;
			productType = "com.apple.product-type.bundle.ui-testing";
		};
/* End PBXNativeTarget section */

/* Begin PBXProject section */
		271345B62E5D07B000BC7435 /* Project object */ = {
			isa = PBXProject;
			attributes = {
				BuildIndependentTargetsInParallel = 1;
				LastSwiftUpdateCheck = 1540;
				LastUpgradeCheck = 1600;
				TargetAttributes = {
					271345BD2E5D07B000BC7435 = {
						CreatedOnToolsVersion = 15.4;
					};
					271345CD2E5D07B200BC7435 = {
						CreatedOnToolsVersion = 15.4;
						TestTargetID = 271345BD2E5D07B000BC7435;
					};
					271345D72E5D07B200BC7435 = {
						CreatedOnToolsVersion = 15.4;
						TestTargetID = 271345BD2E5D07B000BC7435;
					};
				};
			};
			buildConfigurationList = 271345B92E5D07B000BC7435 /* Build configuration list for PBXProject "MangaDen" */;
			compatibilityVersion = "Xcode 14.0";
			developmentRegion = en;
			hasScannedForEncodings = 0;
			knownRegions = (
				en,
				Base,
			);
			mainGroup = 271345B52E5D07B000BC7435;
			productRefGroup = 271345BF2E5D07B000BC7435 /* Products */;
			projectDirPath = "";
			projectRoot = "";
			targets = (
				271345BD2E5D07B000BC7435 /* MangaDen */,
				271345CD2E5D07B200BC7435 /* MangaDenTests */,
				271345D72E5D07B200BC7435 /* MangaDenUITests */,
			);
		};
/* End PBXProject section */

/* Begin PBXResourcesBuildPhase section */
		271345BC2E5D07B000BC7435 /* Resources */ = {
			isa = PBXResourcesBuildPhase;
			buildActionMask = 2147483647;
			files = (
				272A5BC52E9E41380038F84E /* Launch Screen.storyboard in Resources */,
				271345C92E5D07B100BC7435 /* Preview Assets.xcassets in Resources */,
				271345C62E5D07B100BC7435 /* Assets.xcassets in Resources */,
			);
			runOnlyForDeploymentPostprocessing = 0;
		};
		271345CC2E5D07B200BC7435 /* Resources */ = {
			isa = PBXResourcesBuildPhase;
			buildActionMask = 2147483647;
			files = (
			);
			runOnlyForDeploymentPostprocessing = 0;
		};
		271345D62E5D07B200BC7435 /* Resources */ = {
			isa = PBXResourcesBuildPhase;
			buildActionMask = 2147483647;
			files = (
			);
			runOnlyForDeploymentPostprocessing = 0;
		};
/* End PBXResourcesBuildPhase section */

/* Begin PBXSourcesBuildPhase section */
		271345BA2E5D07B000BC7435 /* Sources */ = {
			isa = PBXSourcesBuildPhase;
			buildActionMask = 2147483647;
			files = (
				276EE4142E9631D40023E592 /* TitleRefreshManager.swift in Sources */,
				271345C42E5D07B000BC7435 /* ContentView.swift in Sources */,
				27130DAF2E8DF4FE006FF48A /* ChapterRows.swift in Sources */,
				271346082E67B4F700BC7435 /* ReaderView.swift in Sources */,
				2793268B2E835FFE001AA1AC /* TabBarManager.swift in Sources */,
				276EE4122E9631BF0023E592 /* MetadataExtractionManager.swift in Sources */,
				276EE4162E9633710023E592 /* MetadataExtractionJavaScript.swift in Sources */,
				271345F02E5D28C200BC7435 /* DownloadsView.swift in Sources */,
				276EE40E2E9631000023E592 /* ChapterDetectionManager.swift in Sources */,
				276EE4202E96380A0023E592 /* ImageExtractionStrategies.swift in Sources */,
				271346022E618AA500BC7435 /* JSONViewerView.swift in Sources */,
				271345EE2E5D28A500BC7435 /* AddTitleView.swift in Sources */,
				2713460A2E67C61F00BC7435 /* Notifications.swift in Sources */,
				276EE4102E9631A20023E592 /* ChapterExtractionManager.swift in Sources */,
				27901F4D2E8732C400C57418 /* DownloadManager.swift in Sources */,
				271345F62E5E53A400BC7435 /* BrowserView.swift in Sources */,
				271345F22E5D28D800BC7435 /* SettingsView.swift in Sources */,
				271345EC2E5D283700BC7435 /* LibraryView.swift in Sources */,
				27130DB12E8DF51E006FF48A /* TitleComponents.swift in Sources */,
				276EE41A2E9635570023E592 /* ChapterExtractionJavaScript.swift in Sources */,
				276EE40C2E96303E0023E592 /* WebViewUserAgentManager.swift in Sources */,
				27901F4B2E8732A800C57418 /* Models.swift in Sources */,
				271345F42E5E50ED00BC7435 /* DLWebView.swift in Sources */,
				276EE41E2E9637E50023E592 /* ImageExtractionCoordinator.swift in Sources */,
				271346122E68084100BC7435 /* ReaderViewJAVA.swift in Sources */,
				276EE41C2E9637CA0023E592 /* WebViewManager.swift in Sources */,
				271346062E67B4D400BC7435 /* TitleView.swift in Sources */,
				271345C22E5D07B000BC7435 /* MangaDenApp.swift in Sources */,
			);
			runOnlyForDeploymentPostprocessing = 0;
		};
		271345CA2E5D07B200BC7435 /* Sources */ = {
			isa = PBXSourcesBuildPhase;
			buildActionMask = 2147483647;
			files = (
				271345D32E5D07B200BC7435 /* MangaDenTests.swift in Sources */,
			);
			runOnlyForDeploymentPostprocessing = 0;
		};
		271345D42E5D07B200BC7435 /* Sources */ = {
			isa = PBXSourcesBuildPhase;
			buildActionMask = 2147483647;
			files = (
				271345DF2E5D07B200BC7435 /* MangaDenUITestsLaunchTests.swift in Sources */,
				271345DD2E5D07B200BC7435 /* MangaDenUITests.swift in Sources */,
			);
			runOnlyForDeploymentPostprocessing = 0;
		};
/* End PBXSourcesBuildPhase section */

/* Begin PBXTargetDependency section */
		271345D02E5D07B200BC7435 /* PBXTargetDependency */ = {
			isa = PBXTargetDependency;
			target = 271345BD2E5D07B000BC7435 /* MangaDen */;
			targetProxy = 271345CF2E5D07B200BC7435 /* PBXContainerItemProxy */;
		};
		271345DA2E5D07B200BC7435 /* PBXTargetDependency */ = {
			isa = PBXTargetDependency;
			target = 271345BD2E5D07B000BC7435 /* MangaDen */;
			targetProxy = 271345D92E5D07B200BC7435 /* PBXContainerItemProxy */;
		};
/* End PBXTargetDependency section */

/* Begin XCBuildConfiguration section */
		271345E02E5D07B200BC7435 /* Debug */ = {
			isa = XCBuildConfiguration;
			buildSettings = {
				ALWAYS_SEARCH_USER_PATHS = NO;
				ASSETCATALOG_COMPILER_GENERATE_SWIFT_ASSET_SYMBOL_EXTENSIONS = YES;
				CLANG_ANALYZER_NONNULL = YES;
				CLANG_ANALYZER_NUMBER_OBJECT_CONVERSION = YES_AGGRESSIVE;
				CLANG_CXX_LANGUAGE_STANDARD = "gnu++20";
				CLANG_ENABLE_MODULES = YES;
				CLANG_ENABLE_OBJC_ARC = YES;
				CLANG_ENABLE_OBJC_WEAK = YES;
				CLANG_WARN_BLOCK_CAPTURE_AUTORELEASING = YES;
				CLANG_WARN_BOOL_CONVERSION = YES;
				CLANG_WARN_COMMA = YES;
				CLANG_WARN_CONSTANT_CONVERSION = YES;
				CLANG_WARN_DEPRECATED_OBJC_IMPLEMENTATIONS = YES;
				CLANG_WARN_DIRECT_OBJC_ISA_USAGE = YES_ERROR;
				CLANG_WARN_DOCUMENTATION_COMMENTS = YES;
				CLANG_WARN_EMPTY_BODY = YES;
				CLANG_WARN_ENUM_CONVERSION = YES;
				CLANG_WARN_INFINITE_RECURSION = YES;
				CLANG_WARN_INT_CONVERSION = YES;
				CLANG_WARN_NON_LITERAL_NULL_CONVERSION = YES;
				CLANG_WARN_OBJC_IMPLICIT_RETAIN_SELF = YES;
				CLANG_WARN_OBJC_LITERAL_CONVERSION = YES;
				CLANG_WARN_OBJC_ROOT_CLASS = YES_ERROR;
				CLANG_WARN_QUOTED_INCLUDE_IN_FRAMEWORK_HEADER = YES;
				CLANG_WARN_RANGE_LOOP_ANALYSIS = YES;
				CLANG_WARN_STRICT_PROTOTYPES = YES;
				CLANG_WARN_SUSPICIOUS_MOVE = YES;
				CLANG_WARN_UNGUARDED_AVAILABILITY = YES_AGGRESSIVE;
				CLANG_WARN_UNREACHABLE_CODE = YES;
				CLANG_WARN__DUPLICATE_METHOD_MATCH = YES;
				COPY_PHASE_STRIP = NO;
				DEBUG_INFORMATION_FORMAT = dwarf;
				ENABLE_STRICT_OBJC_MSGSEND = YES;
				ENABLE_TESTABILITY = YES;
				ENABLE_USER_SCRIPT_SANDBOXING = YES;
				GCC_C_LANGUAGE_STANDARD = gnu17;
				GCC_DYNAMIC_NO_PIC = NO;
				GCC_NO_COMMON_BLOCKS = YES;
				GCC_OPTIMIZATION_LEVEL = 0;
				GCC_PREPROCESSOR_DEFINITIONS = (
					"DEBUG=1",
					"$(inherited)",
				);
				GCC_WARN_64_TO_32_BIT_CONVERSION = YES;
				GCC_WARN_ABOUT_RETURN_TYPE = YES_ERROR;
				GCC_WARN_UNDECLARED_SELECTOR = YES;
				GCC_WARN_UNINITIALIZED_AUTOS = YES_AGGRESSIVE;
				GCC_WARN_UNUSED_FUNCTION = YES;
				GCC_WARN_UNUSED_VARIABLE = YES;
				IPHONEOS_DEPLOYMENT_TARGET = 18.0;
				LOCALIZATION_PREFERS_STRING_CATALOGS = YES;
				MTL_ENABLE_DEBUG_INFO = INCLUDE_SOURCE;
				MTL_FAST_MATH = YES;
				ONLY_ACTIVE_ARCH = YES;
				SDKROOT = iphoneos;
				SWIFT_ACTIVE_COMPILATION_CONDITIONS = "DEBUG $(inherited)";
				SWIFT_OPTIMIZATION_LEVEL = "-Onone";
			};
			name = Debug;
		};
		271345E12E5D07B200BC7435 /* Release */ = {
			isa = XCBuildConfiguration;
			buildSettings = {
				ALWAYS_SEARCH_USER_PATHS = NO;
				ASSETCATALOG_COMPILER_GENERATE_SWIFT_ASSET_SYMBOL_EXTENSIONS = YES;
				CLANG_ANALYZER_NONNULL = YES;
				CLANG_ANALYZER_NUMBER_OBJECT_CONVERSION = YES_AGGRESSIVE;
				CLANG_CXX_LANGUAGE_STANDARD = "gnu++20";
				CLANG_ENABLE_MODULES = YES;
				CLANG_ENABLE_OBJC_ARC = YES;
				CLANG_ENABLE_OBJC_WEAK = YES;
				CLANG_WARN_BLOCK_CAPTURE_AUTORELEASING = YES;
				CLANG_WARN_BOOL_CONVERSION = YES;
				CLANG_WARN_COMMA = YES;
				CLANG_WARN_CONSTANT_CONVERSION = YES;
				CLANG_WARN_DEPRECATED_OBJC_IMPLEMENTATIONS = YES;
				CLANG_WARN_DIRECT_OBJC_ISA_USAGE = YES_ERROR;
				CLANG_WARN_DOCUMENTATION_COMMENTS = YES;
				CLANG_WARN_EMPTY_BODY = YES;
				CLANG_WARN_ENUM_CONVERSION = YES;
				CLANG_WARN_INFINITE_RECURSION = YES;
				CLANG_WARN_INT_CONVERSION = YES;
				CLANG_WARN_NON_LITERAL_NULL_CONVERSION = YES;
				CLANG_WARN_OBJC_IMPLICIT_RETAIN_SELF = YES;
				CLANG_WARN_OBJC_LITERAL_CONVERSION = YES;
				CLANG_WARN_OBJC_ROOT_CLASS = YES_ERROR;
				CLANG_WARN_QUOTED_INCLUDE_IN_FRAMEWORK_HEADER = YES;
				CLANG_WARN_RANGE_LOOP_ANALYSIS = YES;
				CLANG_WARN_STRICT_PROTOTYPES = YES;
				CLANG_WARN_SUSPICIOUS_MOVE = YES;
				CLANG_WARN_UNGUARDED_AVAILABILITY = YES_AGGRESSIVE;
				CLANG_WARN_UNREACHABLE_CODE = YES;
				CLANG_WARN__DUPLICATE_METHOD_MATCH = YES;
				COPY_PHASE_STRIP = NO;
				DEBUG_INFORMATION_FORMAT = "dwarf-with-dsym";
				ENABLE_NS_ASSERTIONS = NO;
				ENABLE_STRICT_OBJC_MSGSEND = YES;
				ENABLE_USER_SCRIPT_SANDBOXING = YES;
				GCC_C_LANGUAGE_STANDARD = gnu17;
				GCC_NO_COMMON_BLOCKS = YES;
				GCC_WARN_64_TO_32_BIT_CONVERSION = YES;
				GCC_WARN_ABOUT_RETURN_TYPE = YES_ERROR;
				GCC_WARN_UNDECLARED_SELECTOR = YES;
				GCC_WARN_UNINITIALIZED_AUTOS = YES_AGGRESSIVE;
				GCC_WARN_UNUSED_FUNCTION = YES;
				GCC_WARN_UNUSED_VARIABLE = YES;
				IPHONEOS_DEPLOYMENT_TARGET = 18.0;
				LOCALIZATION_PREFERS_STRING_CATALOGS = YES;
				MTL_ENABLE_DEBUG_INFO = NO;
				MTL_FAST_MATH = YES;
				SDKROOT = iphoneos;
				SWIFT_COMPILATION_MODE = wholemodule;
				VALIDATE_PRODUCT = YES;
			};
			name = Release;
		};
		271345E32E5D07B200BC7435 /* Debug */ = {
			isa = XCBuildConfiguration;
			buildSettings = {
				ASSETCATALOG_COMPILER_APPICON_NAME = AppIcon;
				ASSETCATALOG_COMPILER_GLOBAL_ACCENT_COLOR_NAME = AccentColor;
				ASSETCATALOG_COMPILER_INCLUDE_ALL_APPICON_ASSETS = YES;
				CODE_SIGN_STYLE = Automatic;
				CURRENT_PROJECT_VERSION = 1.0;
				DEVELOPMENT_ASSET_PATHS = "\"MangaDen/Preview Content\"";
				DEVELOPMENT_TEAM = 6N92947F99;
				ENABLE_PREVIEWS = YES;
				GENERATE_INFOPLIST_FILE = YES;
				INFOPLIST_FILE = MangaDen/Info.plist;
				INFOPLIST_KEY_CFBundleDisplayName = MangaDen;
				INFOPLIST_KEY_LSApplicationCategoryType = "public.app-category.books";
				INFOPLIST_KEY_NSPhotoLibraryAddUsageDescription = "This app needs permission to save title pages to your photo library for downloading and sharing.";
				INFOPLIST_KEY_NSPhotoLibraryUsageDescription = "This app needs access to your photo library to allow you to select custom cover images for your titles in library.";
				INFOPLIST_KEY_UIApplicationSceneManifest_Generation = YES;
				INFOPLIST_KEY_UIApplicationSupportsIndirectInputEvents = YES;
				INFOPLIST_KEY_UILaunchStoryboardName = "Launch Screen.storyboard";
				INFOPLIST_KEY_UIStatusBarHidden = NO;
				INFOPLIST_KEY_UISupportedInterfaceOrientations_iPad = "UIInterfaceOrientationPortrait UIInterfaceOrientationPortraitUpsideDown UIInterfaceOrientationLandscapeLeft UIInterfaceOrientationLandscapeRight";
				INFOPLIST_KEY_UISupportedInterfaceOrientations_iPhone = "UIInterfaceOrientationPortrait UIInterfaceOrientationLandscapeLeft UIInterfaceOrientationLandscapeRight";
				LD_RUNPATH_SEARCH_PATHS = (
					"$(inherited)",
					"@executable_path/Frameworks",
				);
				MARKETING_VERSION = 1.0;
				PRODUCT_BUNDLE_IDENTIFIER = bWells.MangaDen;
				PRODUCT_NAME = "$(TARGET_NAME)";
				SWIFT_EMIT_LOC_STRINGS = YES;
				SWIFT_VERSION = 5.0;
				TARGETED_DEVICE_FAMILY = "1,2";
			};
			name = Debug;
		};
		271345E42E5D07B200BC7435 /* Release */ = {
			isa = XCBuildConfiguration;
			buildSettings = {
				ASSETCATALOG_COMPILER_APPICON_NAME = AppIcon;
				ASSETCATALOG_COMPILER_GLOBAL_ACCENT_COLOR_NAME = AccentColor;
				ASSETCATALOG_COMPILER_INCLUDE_ALL_APPICON_ASSETS = YES;
				CODE_SIGN_STYLE = Automatic;
				CURRENT_PROJECT_VERSION = 1.0;
				DEVELOPMENT_ASSET_PATHS = "\"MangaDen/Preview Content\"";
				DEVELOPMENT_TEAM = 6N92947F99;
				ENABLE_PREVIEWS = YES;
				GENERATE_INFOPLIST_FILE = YES;
				INFOPLIST_FILE = MangaDen/Info.plist;
				INFOPLIST_KEY_CFBundleDisplayName = MangaDen;
				INFOPLIST_KEY_LSApplicationCategoryType = "public.app-category.books";
				INFOPLIST_KEY_NSPhotoLibraryAddUsageDescription = "This app needs permission to save title pages to your photo library for downloading and sharing.";
				INFOPLIST_KEY_NSPhotoLibraryUsageDescription = "This app needs access to your photo library to allow you to select custom cover images for your titles in library.";
				INFOPLIST_KEY_UIApplicationSceneManifest_Generation = YES;
				INFOPLIST_KEY_UIApplicationSupportsIndirectInputEvents = YES;
				INFOPLIST_KEY_UILaunchStoryboardName = "Launch Screen.storyboard";
				INFOPLIST_KEY_UIStatusBarHidden = NO;
				INFOPLIST_KEY_UISupportedInterfaceOrientations_iPad = "UIInterfaceOrientationPortrait UIInterfaceOrientationPortraitUpsideDown UIInterfaceOrientationLandscapeLeft UIInterfaceOrientationLandscapeRight";
				INFOPLIST_KEY_UISupportedInterfaceOrientations_iPhone = "UIInterfaceOrientationPortrait UIInterfaceOrientationLandscapeLeft UIInterfaceOrientationLandscapeRight";
				LD_RUNPATH_SEARCH_PATHS = (
					"$(inherited)",
					"@executable_path/Frameworks",
				);
				MARKETING_VERSION = 1.0;
				PRODUCT_BUNDLE_IDENTIFIER = bWells.MangaDen;
				PRODUCT_NAME = "$(TARGET_NAME)";
				SWIFT_EMIT_LOC_STRINGS = YES;
				SWIFT_VERSION = 5.0;
				TARGETED_DEVICE_FAMILY = "1,2";
			};
			name = Release;
		};
		271345E62E5D07B200BC7435 /* Debug */ = {
			isa = XCBuildConfiguration;
			buildSettings = {
				BUNDLE_LOADER = "$(TEST_HOST)";
				CODE_SIGN_STYLE = Automatic;
				CURRENT_PROJECT_VERSION = 1;
				DEVELOPMENT_TEAM = 6N92947F99;
				GENERATE_INFOPLIST_FILE = YES;
				IPHONEOS_DEPLOYMENT_TARGET = 17.5;
				MARKETING_VERSION = 1.0;
				PRODUCT_BUNDLE_IDENTIFIER = bWells.MangaDenTests;
				PRODUCT_NAME = "$(TARGET_NAME)";
				SWIFT_EMIT_LOC_STRINGS = NO;
				SWIFT_VERSION = 5.0;
				TARGETED_DEVICE_FAMILY = "1,2";
				TEST_HOST = "$(BUILT_PRODUCTS_DIR)/MangaDen.app/$(BUNDLE_EXECUTABLE_FOLDER_PATH)/MangaDen";
			};
			name = Debug;
		};
		271345E72E5D07B200BC7435 /* Release */ = {
			isa = XCBuildConfiguration;
			buildSettings = {
				BUNDLE_LOADER = "$(TEST_HOST)";
				CODE_SIGN_STYLE = Automatic;
				CURRENT_PROJECT_VERSION = 1;
				DEVELOPMENT_TEAM = 6N92947F99;
				GENERATE_INFOPLIST_FILE = YES;
				IPHONEOS_DEPLOYMENT_TARGET = 17.5;
				MARKETING_VERSION = 1.0;
				PRODUCT_BUNDLE_IDENTIFIER = bWells.MangaDenTests;
				PRODUCT_NAME = "$(TARGET_NAME)";
				SWIFT_EMIT_LOC_STRINGS = NO;
				SWIFT_VERSION = 5.0;
				TARGETED_DEVICE_FAMILY = "1,2";
				TEST_HOST = "$(BUILT_PRODUCTS_DIR)/MangaDen.app/$(BUNDLE_EXECUTABLE_FOLDER_PATH)/MangaDen";
			};
			name = Release;
		};
		271345E92E5D07B200BC7435 /* Debug */ = {
			isa = XCBuildConfiguration;
			buildSettings = {
				CODE_SIGN_STYLE = Automatic;
				CURRENT_PROJECT_VERSION = 1;
				DEVELOPMENT_TEAM = 6N92947F99;
				GENERATE_INFOPLIST_FILE = YES;
				MARKETING_VERSION = 1.0;
				PRODUCT_BUNDLE_IDENTIFIER = bWells.MangaDenUITests;
				PRODUCT_NAME = "$(TARGET_NAME)";
				SWIFT_EMIT_LOC_STRINGS = NO;
				SWIFT_VERSION = 5.0;
				TARGETED_DEVICE_FAMILY = "1,2";
				TEST_TARGET_NAME = MangaDen;
			};
			name = Debug;
		};
		271345EA2E5D07B200BC7435 /* Release */ = {
			isa = XCBuildConfiguration;
			buildSettings = {
				CODE_SIGN_STYLE = Automatic;
				CURRENT_PROJECT_VERSION = 1;
				DEVELOPMENT_TEAM = 6N92947F99;
				GENERATE_INFOPLIST_FILE = YES;
				MARKETING_VERSION = 1.0;
				PRODUCT_BUNDLE_IDENTIFIER = bWells.MangaDenUITests;
				PRODUCT_NAME = "$(TARGET_NAME)";
				SWIFT_EMIT_LOC_STRINGS = NO;
				SWIFT_VERSION = 5.0;
				TARGETED_DEVICE_FAMILY = "1,2";
				TEST_TARGET_NAME = MangaDen;
			};
			name = Release;
		};
/* End XCBuildConfiguration section */

/* Begin XCConfigurationList section */
		271345B92E5D07B000BC7435 /* Build configuration list for PBXProject "MangaDen" */ = {
			isa = XCConfigurationList;
			buildConfigurations = (
				271345E02E5D07B200BC7435 /* Debug */,
				271345E12E5D07B200BC7435 /* Release */,
			);
			defaultConfigurationIsVisible = 0;
			defaultConfigurationName = Release;
		};
		271345E22E5D07B200BC7435 /* Build configuration list for PBXNativeTarget "MangaDen" */ = {
			isa = XCConfigurationList;
			buildConfigurations = (
				271345E32E5D07B200BC7435 /* Debug */,
				271345E42E5D07B200BC7435 /* Release */,
			);
			defaultConfigurationIsVisible = 0;
			defaultConfigurationName = Release;
		};
		271345E52E5D07B200BC7435 /* Build configuration list for PBXNativeTarget "MangaDenTests" */ = {
			isa = XCConfigurationList;
			buildConfigurations = (
				271345E62E5D07B200BC7435 /* Debug */,
				271345E72E5D07B200BC7435 /* Release */,
			);
			defaultConfigurationIsVisible = 0;
			defaultConfigurationName = Release;
		};
		271345E82E5D07B200BC7435 /* Build configuration list for PBXNativeTarget "MangaDenUITests" */ = {
			isa = XCConfigurationList;
			buildConfigurations = (
				271345E92E5D07B200BC7435 /* Debug */,
				271345EA2E5D07B200BC7435 /* Release */,
			);
			defaultConfigurationIsVisible = 0;
			defaultConfigurationName = Release;
		};
/* End XCConfigurationList section */
	};
	rootObject = 271345B62E5D07B000BC7435 /* Project object */;
}
